
Microsoft Visual Studio Solution File, Format Version 12.00
# Visual Studio Version 17
VisualStudioVersion = 17.5.002.0
MinimumVisualStudioVersion = 10.0.40219.1
Project("{9A19103F-16F7-4668-BE54-9A1E7A4F7556}") = "consoleApp", "consoleApp\consoleApp.csproj", "{44369CBD-6B65-4B87-84A3-4829EB8323C2}"
EndProject
Project("{9A19103F-16F7-4668-BE54-9A1E7A4F7556}") = "MyAspNetCoreApp", "MyAspNetCoreApp\MyAspNetCoreApp.csproj", "{1341281E-C327-45F0-AEBD-D2316B754EA1}"
EndProject
Project("{FAE04EC0-301F-11D3-BF4B-00C04F79EFBC}") = "WebApplication1", "WebApplication1\WebApplication1.csproj", "{4694F62C-C7AC-4E96-9BAE-B2A716BEB52C}"
EndProject
Global
	GlobalSection(SolutionConfigurationPlatforms) = preSolution
		Debug|Any CPU = Debug|Any CPU
		Release|Any CPU = Release|Any CPU
	EndGlobalSection
	GlobalSection(ProjectConfigurationPlatforms) = postSolution
		{44369CBD-6B65-4B87-84A3-4829EB8323C2}.Debug|Any CPU.ActiveCfg = Debug|Any CPU
		{44369CBD-6B65-4B87-84A3-4829EB8323C2}.Debug|Any CPU.Build.0 = Debug|Any CPU
		{44369CBD-6B65-4B87-84A3-4829EB8323C2}.Release|Any CPU.ActiveCfg = Release|Any CPU
		{44369CBD-6B65-4B87-84A3-4829EB8323C2}.Release|Any CPU.Build.0 = Release|Any CPU
		{1341281E-C327-45F0-AEBD-D2316B754EA1}.Debug|Any CPU.ActiveCfg = Debug|Any CPU
		{1341281E-C327-45F0-AEBD-D2316B754EA1}.Debug|Any CPU.Build.0 = Debug|Any CPU
		{1341281E-C327-45F0-AEBD-D2316B754EA1}.Release|Any CPU.ActiveCfg = Release|Any CPU
		{1341281E-C327-45F0-AEBD-D2316B754EA1}.Release|Any CPU.Build.0 = Release|Any CPU
		{4694F62C-C7AC-4E96-9BAE-B2A716BEB52C}.Debug|Any CPU.ActiveCfg = Debug|Any CPU
		{4694F62C-C7AC-4E96-9BAE-B2A716BEB52C}.Debug|Any CPU.Build.0 = Debug|Any CPU
		{4694F62C-C7AC-4E96-9BAE-B2A716BEB52C}.Release|Any CPU.ActiveCfg = Release|Any CPU
		{4694F62C-C7AC-4E96-9BAE-B2A716BEB52C}.Release|Any CPU.Build.0 = Release|Any CPU
	EndGlobalSection
	GlobalSection(SolutionProperties) = preSolution
		HideSolutionNode = FALSE
	EndGlobalSection
	GlobalSection(ExtensibilityGlobals) = postSolution
		SolutionGuid = {91DDFD47-C4BA-4407-8499-2E869BAD240D}
	EndGlobalSection
EndGlobal
